
Microsoft Visual Studio Solution File, Format Version 12.00
# Visual Studio Version 17
VisualStudioVersion = 17.2.32602.215
MinimumVisualStudioVersion = 10.0.40219.1
Project("{FAE04EC0-301F-11D3-BF4B-00C04F79EFBC}") = "ConsoleApp30", "ConsoleApp30\ConsoleApp30.csproj", "{E81D53F3-0C3E-4BF1-B06D-188233E93ED2}"
EndProject
Global
	GlobalSection(SolutionConfigurationPlatforms) = preSolution
		Debug|Any CPU = Debug|Any CPU
		Release|Any CPU = Release|Any CPU
	EndGlobalSection
	GlobalSection(ProjectConfigurationPlatforms) = postSolution
		{E81D53F3-0C3E-4BF1-B06D-188233E93ED2}.Debug|Any CPU.ActiveCfg = Debug|Any CPU
		{E81D53F3-0C3E-4BF1-B06D-188233E93ED2}.Debug|Any CPU.Build.0 = Debug|Any CPU
		{E81D53F3-0C3E-4BF1-B06D-188233E93ED2}.Release|Any CPU.ActiveCfg = Release|Any CPU
		{E81D53F3-0C3E-4BF1-B06D-188233E93ED2}.Release|Any CPU.Build.0 = Release|Any CPU
	EndGlobalSection
	GlobalSection(SolutionProperties) = preSolution
		HideSolutionNode = FALSE
	EndGlobalSection
	GlobalSection(ExtensibilityGlobals) = postSolution
		SolutionGuid = {89E8BF4B-87DD-443C-9B5F-4AD298B4CDC3}
	EndGlobalSection
EndGlobal
